
Microsoft Visual Studio Solution File, Format Version 12.00
# Visual Studio 15
VisualStudioVersion = 15.0.26730.3
MinimumVisualStudioVersion = 10.0.40219.1
Project("{2150E333-8FDC-42A3-9474-1A3956D46DE8}") = "src", "src", "{60B2AFEE-A1FB-4725-848A-B76E955347AD}"
EndProject
Project("{2150E333-8FDC-42A3-9474-1A3956D46DE8}") = "tests", "tests", "{8A086F59-E2EB-4171-B903-2F7D0FBC7E72}"
EndProject
Project("{9A19103F-16F7-4668-BE54-9A1E7A4F7556}") = "MentorBot.Tests", "tests\MentorBot.Tests\MentorBot.Tests.csproj", "{59105FD6-1D81-4B2E-ACB1-499CAEC7AA04}"
EndProject
Project("{9A19103F-16F7-4668-BE54-9A1E7A4F7556}") = "MentorBot.WebLearningCenter", "src\MentorBot.WebLearningCenter\MentorBot.WebLearningCenter.csproj", "{796EF35B-C202-4DF3-BCD2-F9CE24B7EB1C}"
EndProject
Project("{9A19103F-16F7-4668-BE54-9A1E7A4F7556}") = "MentorBot.Functions", "src\MentorBot.Functions\MentorBot.Functions.csproj", "{EA259AF4-5BEE-4744-B5D6-D84AC9E71F95}"
EndProject
Global
	GlobalSection(SolutionConfigurationPlatforms) = preSolution
		Debug|Any CPU = Debug|Any CPU
		Release|Any CPU = Release|Any CPU
	EndGlobalSection
	GlobalSection(ProjectConfigurationPlatforms) = postSolution
		{59105FD6-1D81-4B2E-ACB1-499CAEC7AA04}.Debug|Any CPU.ActiveCfg = Debug|Any CPU
		{59105FD6-1D81-4B2E-ACB1-499CAEC7AA04}.Debug|Any CPU.Build.0 = Debug|Any CPU
		{59105FD6-1D81-4B2E-ACB1-499CAEC7AA04}.Release|Any CPU.ActiveCfg = Release|Any CPU
		{59105FD6-1D81-4B2E-ACB1-499CAEC7AA04}.Release|Any CPU.Build.0 = Release|Any CPU
		{796EF35B-C202-4DF3-BCD2-F9CE24B7EB1C}.Debug|Any CPU.ActiveCfg = Debug|Any CPU
		{796EF35B-C202-4DF3-BCD2-F9CE24B7EB1C}.Debug|Any CPU.Build.0 = Debug|Any CPU
		{796EF35B-C202-4DF3-BCD2-F9CE24B7EB1C}.Release|Any CPU.ActiveCfg = Release|Any CPU
		{796EF35B-C202-4DF3-BCD2-F9CE24B7EB1C}.Release|Any CPU.Build.0 = Release|Any CPU
		{EA259AF4-5BEE-4744-B5D6-D84AC9E71F95}.Debug|Any CPU.ActiveCfg = Debug|Any CPU
		{EA259AF4-5BEE-4744-B5D6-D84AC9E71F95}.Debug|Any CPU.Build.0 = Debug|Any CPU
		{EA259AF4-5BEE-4744-B5D6-D84AC9E71F95}.Release|Any CPU.ActiveCfg = Release|Any CPU
		{EA259AF4-5BEE-4744-B5D6-D84AC9E71F95}.Release|Any CPU.Build.0 = Release|Any CPU
	EndGlobalSection
	GlobalSection(SolutionProperties) = preSolution
		HideSolutionNode = FALSE
	EndGlobalSection
	GlobalSection(NestedProjects) = preSolution
		{59105FD6-1D81-4B2E-ACB1-499CAEC7AA04} = {8A086F59-E2EB-4171-B903-2F7D0FBC7E72}
		{796EF35B-C202-4DF3-BCD2-F9CE24B7EB1C} = {60B2AFEE-A1FB-4725-848A-B76E955347AD}
		{EA259AF4-5BEE-4744-B5D6-D84AC9E71F95} = {60B2AFEE-A1FB-4725-848A-B76E955347AD}
	EndGlobalSection
	GlobalSection(ExtensibilityGlobals) = postSolution
		SolutionGuid = {E801F52B-3611-4C3B-94E7-6BCD3767FD1B}
	EndGlobalSection
EndGlobal
